// !$*UTF8*$!
{
	archiveVersion = 1;
	classes = {
	};
	objectVersion = 56;
	objects = {

/* Begin PBXBuildFile section */
		D3199EB52CD79ABC007990D3 /* SnapKit in Frameworks */ = {isa = PBXBuildFile; productRef = D3199EB42CD79ABC007990D3 /* SnapKit */; };
		D3199EBA2CD79AC8007990D3 /* Kingfisher in Frameworks */ = {isa = PBXBuildFile; productRef = D3199EB92CD79AC8007990D3 /* Kingfisher */; };
		D3199EBD2CD79AD8007990D3 /* Alamofire in Frameworks */ = {isa = PBXBuildFile; productRef = D3199EBC2CD79AD8007990D3 /* Alamofire */; };
		D3199EDE2CD79B00007990D3 /* UITableViewExt.swift in Sources */ = {isa = PBXBuildFile; fileRef = D3199EC22CD79B00007990D3 /* UITableViewExt.swift */; };
		D3199EDF2CD79B00007990D3 /* UIColorExt.swift in Sources */ = {isa = PBXBuildFile; fileRef = D3199EC32CD79B00007990D3 /* UIColorExt.swift */; };
		D3199EE02CD79B00007990D3 /* StringExt.swift in Sources */ = {isa = PBXBuildFile; fileRef = D3199EC42CD79B00007990D3 /* StringExt.swift */; };
		D3199EE12CD79B00007990D3 /* UIViewExt.swift in Sources */ = {isa = PBXBuildFile; fileRef = D3199EC52CD79B00007990D3 /* UIViewExt.swift */; };
		D3199EE22CD79B00007990D3 /* UICollectionViewExt.swift in Sources */ = {isa = PBXBuildFile; fileRef = D3199EC62CD79B00007990D3 /* UICollectionViewExt.swift */; };
		D3199EE32CD79B00007990D3 /* BaseRequest.swift in Sources */ = {isa = PBXBuildFile; fileRef = D3199EC82CD79B00007990D3 /* BaseRequest.swift */; };
		D3199EE42CD79B00007990D3 /* NetworkManager.swift in Sources */ = {isa = PBXBuildFile; fileRef = D3199EC92CD79B00007990D3 /* NetworkManager.swift */; };
		D3199EE52CD79B00007990D3 /* NavbarManager.swift in Sources */ = {isa = PBXBuildFile; fileRef = D3199ECA2CD79B00007990D3 /* NavbarManager.swift */; };
		D3199EE62CD79B00007990D3 /* InspirationsData.swift in Sources */ = {isa = PBXBuildFile; fileRef = D3199ECE2CD79B00007990D3 /* InspirationsData.swift */; };
		D3199EE72CD79B00007990D3 /* NetworkError.swift in Sources */ = {isa = PBXBuildFile; fileRef = D3199ECF2CD79B00007990D3 /* NetworkError.swift */; };
		D3199EE82CD79B00007990D3 /* VoicesEntity.swift in Sources */ = {isa = PBXBuildFile; fileRef = D3199ED12CD79B00007990D3 /* VoicesEntity.swift */; };
		D3199EE92CD79B00007990D3 /* VoiceResultEntity.swift in Sources */ = {isa = PBXBuildFile; fileRef = D3199ED22CD79B00007990D3 /* VoiceResultEntity.swift */; };
		D3199EEA2CD79B00007990D3 /* Endpoint.swift in Sources */ = {isa = PBXBuildFile; fileRef = D3199ED32CD79B00007990D3 /* Endpoint.swift */; };
		D3199EEB2CD79B00007990D3 /* BaseVC.swift in Sources */ = {isa = PBXBuildFile; fileRef = D3199ED52CD79B00007990D3 /* BaseVC.swift */; };
		D3199EEC2CD79B00007990D3 /* BaseCollectionViewCell.swift in Sources */ = {isa = PBXBuildFile; fileRef = D3199ED62CD79B00007990D3 /* BaseCollectionViewCell.swift */; };
		D3199EED2CD79B00007990D3 /* BaseView.swift in Sources */ = {isa = PBXBuildFile; fileRef = D3199ED72CD79B00007990D3 /* BaseView.swift */; };
		D3199EEE2CD79B00007990D3 /* NetworkListener.swift in Sources */ = {isa = PBXBuildFile; fileRef = D3199ED92CD79B00007990D3 /* NetworkListener.swift */; };
		D3199EEF2CD79B00007990D3 /* BindableLayout.swift in Sources */ = {isa = PBXBuildFile; fileRef = D3199EDA2CD79B00007990D3 /* BindableLayout.swift */; };
		D3199EF02CD79B00007990D3 /* BaseNavigationController.swift in Sources */ = {isa = PBXBuildFile; fileRef = D3199EDC2CD79B00007990D3 /* BaseNavigationController.swift */; };
		D3199EF12CD79B00007990D3 /* BaseCoordinator.swift in Sources */ = {isa = PBXBuildFile; fileRef = D3199EDD2CD79B00007990D3 /* BaseCoordinator.swift */; };
		D3199EFD2CD79BD5007990D3 /* ColorAssets.xcassets in Resources */ = {isa = PBXBuildFile; fileRef = D3199EF52CD79BD5007990D3 /* ColorAssets.xcassets */; };
		D3199EFE2CD79BD5007990D3 /* Typography.swift in Sources */ = {isa = PBXBuildFile; fileRef = D3199EF72CD79BD5007990D3 /* Typography.swift */; };
		D3199EFF2CD79BD5007990D3 /* SF-Pro-Display-Regular.otf in Resources */ = {isa = PBXBuildFile; fileRef = D3199EF92CD79BD5007990D3 /* SF-Pro-Display-Regular.otf */; };
		D3199F002CD79BD5007990D3 /* SF-Pro-Display-Bold.otf in Resources */ = {isa = PBXBuildFile; fileRef = D3199EFA2CD79BD5007990D3 /* SF-Pro-Display-Bold.otf */; };
		D3199F012CD79BD5007990D3 /* SF-Pro-Display-Semibold.otf in Resources */ = {isa = PBXBuildFile; fileRef = D3199EFB2CD79BD5007990D3 /* SF-Pro-Display-Semibold.otf */; };
		D3199F032CD79C06007990D3 /* AppSettings.swift in Sources */ = {isa = PBXBuildFile; fileRef = D3199F022CD79C06007990D3 /* AppSettings.swift */; };
		D3199F1E2CD79E3D007990D3 /* DefaultNavbar.swift in Sources */ = {isa = PBXBuildFile; fileRef = D3199F082CD79E3D007990D3 /* DefaultNavbar.swift */; };
		D3199F1F2CD79E3D007990D3 /* PromptInputView.swift in Sources */ = {isa = PBXBuildFile; fileRef = D3199F092CD79E3D007990D3 /* PromptInputView.swift */; };
		D3199F202CD79E3D007990D3 /* BaseButton.swift in Sources */ = {isa = PBXBuildFile; fileRef = D3199F0A2CD79E3D007990D3 /* BaseButton.swift */; };
		D3199F212CD79E3D007990D3 /* CategoryCell.swift in Sources */ = {isa = PBXBuildFile; fileRef = D3199F0E2CD79E3D007990D3 /* CategoryCell.swift */; };
		D3199F222CD79E3D007990D3 /* VoiceCell.swift in Sources */ = {isa = PBXBuildFile; fileRef = D3199F0F2CD79E3D007990D3 /* VoiceCell.swift */; };
		D3199F232CD79E3D007990D3 /* HomeContentView.swift in Sources */ = {isa = PBXBuildFile; fileRef = D3199F102CD79E3D007990D3 /* HomeContentView.swift */; };
		D3199F242CD79E3D007990D3 /* HomeCoordinator.swift in Sources */ = {isa = PBXBuildFile; fileRef = D3199F112CD79E3D007990D3 /* HomeCoordinator.swift */; };
		D3199F252CD79E3D007990D3 /* HomeVC.swift in Sources */ = {isa = PBXBuildFile; fileRef = D3199F122CD79E3D007990D3 /* HomeVC.swift */; };
		D3199F262CD79E3D007990D3 /* VoiceDetailContentView.swift in Sources */ = {isa = PBXBuildFile; fileRef = D3199F142CD79E3D007990D3 /* VoiceDetailContentView.swift */; };
		D3199F272CD79E3D007990D3 /* VoiceDetailCoordinator.swift in Sources */ = {isa = PBXBuildFile; fileRef = D3199F152CD79E3D007990D3 /* VoiceDetailCoordinator.swift */; };
		D3199F282CD79E3D007990D3 /* VoiceDetailVC.swift in Sources */ = {isa = PBXBuildFile; fileRef = D3199F162CD79E3D007990D3 /* VoiceDetailVC.swift */; };
		D3199F2C2CD79E3D007990D3 /* VoiceGeneratingCoordinator.swift in Sources */ = {isa = PBXBuildFile; fileRef = D3199F1B2CD79E3D007990D3 /* VoiceGeneratingCoordinator.swift */; };
		D3199F2D2CD79E3D007990D3 /* VoiceGeneratingVC.swift in Sources */ = {isa = PBXBuildFile; fileRef = D3199F1C2CD79E3D007990D3 /* VoiceGeneratingVC.swift */; };
		D3199F2E2CD79E3D007990D3 /* VoiceGeneratingContentView.swift in Sources */ = {isa = PBXBuildFile; fileRef = D3199F1D2CD79E3D007990D3 /* VoiceGeneratingContentView.swift */; };
		D34B46642CD7B89C00CCA914 /* UIImageViewExt.swift in Sources */ = {isa = PBXBuildFile; fileRef = D34B46632CD7B89C00CCA914 /* UIImageViewExt.swift */; };
		D34B46692CD8262900CCA914 /* UserVoiceSelection.swift in Sources */ = {isa = PBXBuildFile; fileRef = D34B46682CD8262900CCA914 /* UserVoiceSelection.swift */; };
		D34B466B2CD931C900CCA914 /* VoiceDetailNavbar.swift in Sources */ = {isa = PBXBuildFile; fileRef = D34B466A2CD931C900CCA914 /* VoiceDetailNavbar.swift */; };
		D34B466D2CD9822800CCA914 /* VoicePlayerView.swift in Sources */ = {isa = PBXBuildFile; fileRef = D34B466C2CD9822800CCA914 /* VoicePlayerView.swift */; };
		D34B46712CDA7AEE00CCA914 /* FullScreenIndicator.swift in Sources */ = {isa = PBXBuildFile; fileRef = D34B46702CDA7AEE00CCA914 /* FullScreenIndicator.swift */; };
		D34B46732CDA7C3B00CCA914 /* UIApplicationExt.swift in Sources */ = {isa = PBXBuildFile; fileRef = D34B46722CDA7C3B00CCA914 /* UIApplicationExt.swift */; };
		D34B46782CDAA2C600CCA914 /* VoicePlayerError.swift in Sources */ = {isa = PBXBuildFile; fileRef = D34B46772CDAA2C600CCA914 /* VoicePlayerError.swift */; };
		D34B467A2CDAA55200CCA914 /* ModalManager.swift in Sources */ = {isa = PBXBuildFile; fileRef = D34B46792CDAA55200CCA914 /* ModalManager.swift */; };
		D34B467D2CDAB1B400CCA914 /* Catalog.swift in Sources */ = {isa = PBXBuildFile; fileRef = D34B467C2CDAB1B400CCA914 /* Catalog.swift */; };
		D34B7BF62CD79A1E009A6763 /* AppDelegate.swift in Sources */ = {isa = PBXBuildFile; fileRef = D34B7BF52CD79A1E009A6763 /* AppDelegate.swift */; };
		D34B7BF82CD79A1E009A6763 /* SceneDelegate.swift in Sources */ = {isa = PBXBuildFile; fileRef = D34B7BF72CD79A1E009A6763 /* SceneDelegate.swift */; };
		D34B7BFD2CD79A1E009A6763 /* Main.storyboard in Resources */ = {isa = PBXBuildFile; fileRef = D34B7BFB2CD79A1E009A6763 /* Main.storyboard */; };
		D34B7BFF2CD79A1F009A6763 /* Assets.xcassets in Resources */ = {isa = PBXBuildFile; fileRef = D34B7BFE2CD79A1F009A6763 /* Assets.xcassets */; };
		D34B7C022CD79A1F009A6763 /* LaunchScreen.storyboard in Resources */ = {isa = PBXBuildFile; fileRef = D34B7C002CD79A1F009A6763 /* LaunchScreen.storyboard */; };
		D39E286A2CE5232400A2D67F /* HomeViewModel.swift in Sources */ = {isa = PBXBuildFile; fileRef = D39E28692CE5232400A2D67F /* HomeViewModel.swift */; };
		D39E286E2CE5252400A2D67F /* HomeRepository.swift in Sources */ = {isa = PBXBuildFile; fileRef = D39E286D2CE5252400A2D67F /* HomeRepository.swift */; };
		D39E28712CE527D000A2D67F /* VoicesService.swift in Sources */ = {isa = PBXBuildFile; fileRef = D39E28702CE527D000A2D67F /* VoicesService.swift */; };
		D39E28732CE52D8B00A2D67F /* HomeUseCase.swift in Sources */ = {isa = PBXBuildFile; fileRef = D39E28722CE52D8B00A2D67F /* HomeUseCase.swift */; };
/* End PBXBuildFile section */

/* Begin PBXCopyFilesBuildPhase section */
		D3B87CA52CDB78E100D69F9C /* Embed Frameworks */ = {
			isa = PBXCopyFilesBuildPhase;
			buildActionMask = 2147483647;
			dstPath = "";
			dstSubfolderSpec = 10;
			files = (
			);
			name = "Embed Frameworks";
			runOnlyForDeploymentPostprocessing = 0;
		};
/* End PBXCopyFilesBuildPhase section */

/* Begin PBXFileReference section */
		D3199EC22CD79B00007990D3 /* UITableViewExt.swift */ = {isa = PBXFileReference; fileEncoding = 4; lastKnownFileType = sourcecode.swift; path = UITableViewExt.swift; sourceTree = "<group>"; };
		D3199EC32CD79B00007990D3 /* UIColorExt.swift */ = {isa = PBXFileReference; fileEncoding = 4; lastKnownFileType = sourcecode.swift; path = UIColorExt.swift; sourceTree = "<group>"; };
		D3199EC42CD79B00007990D3 /* StringExt.swift */ = {isa = PBXFileReference; fileEncoding = 4; lastKnownFileType = sourcecode.swift; path = StringExt.swift; sourceTree = "<group>"; };
		D3199EC52CD79B00007990D3 /* UIViewExt.swift */ = {isa = PBXFileReference; fileEncoding = 4; lastKnownFileType = sourcecode.swift; path = UIViewExt.swift; sourceTree = "<group>"; };
		D3199EC62CD79B00007990D3 /* UICollectionViewExt.swift */ = {isa = PBXFileReference; fileEncoding = 4; lastKnownFileType = sourcecode.swift; path = UICollectionViewExt.swift; sourceTree = "<group>"; };
		D3199EC82CD79B00007990D3 /* BaseRequest.swift */ = {isa = PBXFileReference; fileEncoding = 4; lastKnownFileType = sourcecode.swift; path = BaseRequest.swift; sourceTree = "<group>"; };
		D3199EC92CD79B00007990D3 /* NetworkManager.swift */ = {isa = PBXFileReference; fileEncoding = 4; lastKnownFileType = sourcecode.swift; path = NetworkManager.swift; sourceTree = "<group>"; };
		D3199ECA2CD79B00007990D3 /* NavbarManager.swift */ = {isa = PBXFileReference; fileEncoding = 4; lastKnownFileType = sourcecode.swift; path = NavbarManager.swift; sourceTree = "<group>"; };
		D3199ECE2CD79B00007990D3 /* InspirationsData.swift */ = {isa = PBXFileReference; fileEncoding = 4; lastKnownFileType = sourcecode.swift; path = InspirationsData.swift; sourceTree = "<group>"; };
		D3199ECF2CD79B00007990D3 /* NetworkError.swift */ = {isa = PBXFileReference; fileEncoding = 4; lastKnownFileType = sourcecode.swift; path = NetworkError.swift; sourceTree = "<group>"; };
		D3199ED12CD79B00007990D3 /* VoicesEntity.swift */ = {isa = PBXFileReference; fileEncoding = 4; lastKnownFileType = sourcecode.swift; path = VoicesEntity.swift; sourceTree = "<group>"; };
		D3199ED22CD79B00007990D3 /* VoiceResultEntity.swift */ = {isa = PBXFileReference; fileEncoding = 4; lastKnownFileType = sourcecode.swift; path = VoiceResultEntity.swift; sourceTree = "<group>"; };
		D3199ED32CD79B00007990D3 /* Endpoint.swift */ = {isa = PBXFileReference; fileEncoding = 4; lastKnownFileType = sourcecode.swift; path = Endpoint.swift; sourceTree = "<group>"; };
		D3199ED52CD79B00007990D3 /* BaseVC.swift */ = {isa = PBXFileReference; fileEncoding = 4; lastKnownFileType = sourcecode.swift; path = BaseVC.swift; sourceTree = "<group>"; };
		D3199ED62CD79B00007990D3 /* BaseCollectionViewCell.swift */ = {isa = PBXFileReference; fileEncoding = 4; lastKnownFileType = sourcecode.swift; path = BaseCollectionViewCell.swift; sourceTree = "<group>"; };
		D3199ED72CD79B00007990D3 /* BaseView.swift */ = {isa = PBXFileReference; fileEncoding = 4; lastKnownFileType = sourcecode.swift; path = BaseView.swift; sourceTree = "<group>"; };
		D3199ED92CD79B00007990D3 /* NetworkListener.swift */ = {isa = PBXFileReference; fileEncoding = 4; lastKnownFileType = sourcecode.swift; path = NetworkListener.swift; sourceTree = "<group>"; };
		D3199EDA2CD79B00007990D3 /* BindableLayout.swift */ = {isa = PBXFileReference; fileEncoding = 4; lastKnownFileType = sourcecode.swift; path = BindableLayout.swift; sourceTree = "<group>"; };
		D3199EDC2CD79B00007990D3 /* BaseNavigationController.swift */ = {isa = PBXFileReference; fileEncoding = 4; lastKnownFileType = sourcecode.swift; path = BaseNavigationController.swift; sourceTree = "<group>"; };
		D3199EDD2CD79B00007990D3 /* BaseCoordinator.swift */ = {isa = PBXFileReference; fileEncoding = 4; lastKnownFileType = sourcecode.swift; path = BaseCoordinator.swift; sourceTree = "<group>"; };
		D3199EF52CD79BD5007990D3 /* ColorAssets.xcassets */ = {isa = PBXFileReference; lastKnownFileType = folder.assetcatalog; path = ColorAssets.xcassets; sourceTree = "<group>"; };
		D3199EF72CD79BD5007990D3 /* Typography.swift */ = {isa = PBXFileReference; fileEncoding = 4; lastKnownFileType = sourcecode.swift; path = Typography.swift; sourceTree = "<group>"; };
		D3199EF92CD79BD5007990D3 /* SF-Pro-Display-Regular.otf */ = {isa = PBXFileReference; lastKnownFileType = file; path = "SF-Pro-Display-Regular.otf"; sourceTree = "<group>"; };
		D3199EFA2CD79BD5007990D3 /* SF-Pro-Display-Bold.otf */ = {isa = PBXFileReference; lastKnownFileType = file; path = "SF-Pro-Display-Bold.otf"; sourceTree = "<group>"; };
		D3199EFB2CD79BD5007990D3 /* SF-Pro-Display-Semibold.otf */ = {isa = PBXFileReference; lastKnownFileType = file; path = "SF-Pro-Display-Semibold.otf"; sourceTree = "<group>"; };
		D3199F022CD79C06007990D3 /* AppSettings.swift */ = {isa = PBXFileReference; fileEncoding = 4; lastKnownFileType = sourcecode.swift; path = AppSettings.swift; sourceTree = "<group>"; };
		D3199F082CD79E3D007990D3 /* DefaultNavbar.swift */ = {isa = PBXFileReference; fileEncoding = 4; lastKnownFileType = sourcecode.swift; path = DefaultNavbar.swift; sourceTree = "<group>"; };
		D3199F092CD79E3D007990D3 /* PromptInputView.swift */ = {isa = PBXFileReference; fileEncoding = 4; lastKnownFileType = sourcecode.swift; path = PromptInputView.swift; sourceTree = "<group>"; };
		D3199F0A2CD79E3D007990D3 /* BaseButton.swift */ = {isa = PBXFileReference; fileEncoding = 4; lastKnownFileType = sourcecode.swift; path = BaseButton.swift; sourceTree = "<group>"; };
		D3199F0E2CD79E3D007990D3 /* CategoryCell.swift */ = {isa = PBXFileReference; fileEncoding = 4; lastKnownFileType = sourcecode.swift; path = CategoryCell.swift; sourceTree = "<group>"; };
		D3199F0F2CD79E3D007990D3 /* VoiceCell.swift */ = {isa = PBXFileReference; fileEncoding = 4; lastKnownFileType = sourcecode.swift; path = VoiceCell.swift; sourceTree = "<group>"; };
		D3199F102CD79E3D007990D3 /* HomeContentView.swift */ = {isa = PBXFileReference; fileEncoding = 4; lastKnownFileType = sourcecode.swift; path = HomeContentView.swift; sourceTree = "<group>"; };
		D3199F112CD79E3D007990D3 /* HomeCoordinator.swift */ = {isa = PBXFileReference; fileEncoding = 4; lastKnownFileType = sourcecode.swift; path = HomeCoordinator.swift; sourceTree = "<group>"; };
		D3199F122CD79E3D007990D3 /* HomeVC.swift */ = {isa = PBXFileReference; fileEncoding = 4; lastKnownFileType = sourcecode.swift; path = HomeVC.swift; sourceTree = "<group>"; };
		D3199F142CD79E3D007990D3 /* VoiceDetailContentView.swift */ = {isa = PBXFileReference; fileEncoding = 4; lastKnownFileType = sourcecode.swift; path = VoiceDetailContentView.swift; sourceTree = "<group>"; };
		D3199F152CD79E3D007990D3 /* VoiceDetailCoordinator.swift */ = {isa = PBXFileReference; fileEncoding = 4; lastKnownFileType = sourcecode.swift; path = VoiceDetailCoordinator.swift; sourceTree = "<group>"; };
		D3199F162CD79E3D007990D3 /* VoiceDetailVC.swift */ = {isa = PBXFileReference; fileEncoding = 4; lastKnownFileType = sourcecode.swift; path = VoiceDetailVC.swift; sourceTree = "<group>"; };
		D3199F1B2CD79E3D007990D3 /* VoiceGeneratingCoordinator.swift */ = {isa = PBXFileReference; fileEncoding = 4; lastKnownFileType = sourcecode.swift; path = VoiceGeneratingCoordinator.swift; sourceTree = "<group>"; };
		D3199F1C2CD79E3D007990D3 /* VoiceGeneratingVC.swift */ = {isa = PBXFileReference; fileEncoding = 4; lastKnownFileType = sourcecode.swift; path = VoiceGeneratingVC.swift; sourceTree = "<group>"; };
		D3199F1D2CD79E3D007990D3 /* VoiceGeneratingContentView.swift */ = {isa = PBXFileReference; fileEncoding = 4; lastKnownFileType = sourcecode.swift; path = VoiceGeneratingContentView.swift; sourceTree = "<group>"; };
		D34B46632CD7B89C00CCA914 /* UIImageViewExt.swift */ = {isa = PBXFileReference; lastKnownFileType = sourcecode.swift; path = UIImageViewExt.swift; sourceTree = "<group>"; };
		D34B46682CD8262900CCA914 /* UserVoiceSelection.swift */ = {isa = PBXFileReference; lastKnownFileType = sourcecode.swift; path = UserVoiceSelection.swift; sourceTree = "<group>"; };
		D34B466A2CD931C900CCA914 /* VoiceDetailNavbar.swift */ = {isa = PBXFileReference; lastKnownFileType = sourcecode.swift; path = VoiceDetailNavbar.swift; sourceTree = "<group>"; };
		D34B466C2CD9822800CCA914 /* VoicePlayerView.swift */ = {isa = PBXFileReference; lastKnownFileType = sourcecode.swift; path = VoicePlayerView.swift; sourceTree = "<group>"; };
		D34B46702CDA7AEE00CCA914 /* FullScreenIndicator.swift */ = {isa = PBXFileReference; lastKnownFileType = sourcecode.swift; path = FullScreenIndicator.swift; sourceTree = "<group>"; };
		D34B46722CDA7C3B00CCA914 /* UIApplicationExt.swift */ = {isa = PBXFileReference; lastKnownFileType = sourcecode.swift; path = UIApplicationExt.swift; sourceTree = "<group>"; };
		D34B46772CDAA2C600CCA914 /* VoicePlayerError.swift */ = {isa = PBXFileReference; lastKnownFileType = sourcecode.swift; path = VoicePlayerError.swift; sourceTree = "<group>"; };
		D34B46792CDAA55200CCA914 /* ModalManager.swift */ = {isa = PBXFileReference; lastKnownFileType = sourcecode.swift; path = ModalManager.swift; sourceTree = "<group>"; };
		D34B467C2CDAB1B400CCA914 /* Catalog.swift */ = {isa = PBXFileReference; lastKnownFileType = sourcecode.swift; path = Catalog.swift; sourceTree = "<group>"; };
		D34B7BF22CD79A1E009A6763 /* AISoundGenerator.app */ = {isa = PBXFileReference; explicitFileType = wrapper.application; includeInIndex = 0; path = AISoundGenerator.app; sourceTree = BUILT_PRODUCTS_DIR; };
		D34B7BF52CD79A1E009A6763 /* AppDelegate.swift */ = {isa = PBXFileReference; lastKnownFileType = sourcecode.swift; path = AppDelegate.swift; sourceTree = "<group>"; };
		D34B7BF72CD79A1E009A6763 /* SceneDelegate.swift */ = {isa = PBXFileReference; lastKnownFileType = sourcecode.swift; path = SceneDelegate.swift; sourceTree = "<group>"; };
		D34B7BFC2CD79A1E009A6763 /* Base */ = {isa = PBXFileReference; lastKnownFileType = file.storyboard; name = Base; path = Base.lproj/Main.storyboard; sourceTree = "<group>"; };
		D34B7BFE2CD79A1F009A6763 /* Assets.xcassets */ = {isa = PBXFileReference; lastKnownFileType = folder.assetcatalog; path = Assets.xcassets; sourceTree = "<group>"; };
		D34B7C012CD79A1F009A6763 /* Base */ = {isa = PBXFileReference; lastKnownFileType = file.storyboard; name = Base; path = Base.lproj/LaunchScreen.storyboard; sourceTree = "<group>"; };
		D34B7C032CD79A1F009A6763 /* Info.plist */ = {isa = PBXFileReference; lastKnownFileType = text.plist.xml; path = Info.plist; sourceTree = "<group>"; };
		D39E28692CE5232400A2D67F /* HomeViewModel.swift */ = {isa = PBXFileReference; lastKnownFileType = sourcecode.swift; path = HomeViewModel.swift; sourceTree = "<group>"; };
		D39E286D2CE5252400A2D67F /* HomeRepository.swift */ = {isa = PBXFileReference; lastKnownFileType = sourcecode.swift; path = HomeRepository.swift; sourceTree = "<group>"; };
		D39E28702CE527D000A2D67F /* VoicesService.swift */ = {isa = PBXFileReference; lastKnownFileType = sourcecode.swift; path = VoicesService.swift; sourceTree = "<group>"; };
		D39E28722CE52D8B00A2D67F /* HomeUseCase.swift */ = {isa = PBXFileReference; lastKnownFileType = sourcecode.swift; path = HomeUseCase.swift; sourceTree = "<group>"; };
/* End PBXFileReference section */

/* Begin PBXFrameworksBuildPhase section */
		D34B7BEF2CD79A1E009A6763 /* Frameworks */ = {
			isa = PBXFrameworksBuildPhase;
			buildActionMask = 2147483647;
			files = (
				D3199EBA2CD79AC8007990D3 /* Kingfisher in Frameworks */,
				D3199EBD2CD79AD8007990D3 /* Alamofire in Frameworks */,
				D3199EB52CD79ABC007990D3 /* SnapKit in Frameworks */,
			);
			runOnlyForDeploymentPostprocessing = 0;
		};
/* End PBXFrameworksBuildPhase section */

/* Begin PBXGroup section */
		D3199EC02CD79B00007990D3 /* Core */ = {
			isa = PBXGroup;
			children = (
				D3199EC12CD79B00007990D3 /* Extension */,
				D3199EC72CD79B00007990D3 /* Managers */,
				D3199ECB2CD79B00007990D3 /* Base */,
			);
			path = Core;
			sourceTree = "<group>";
		};
		D3199EC12CD79B00007990D3 /* Extension */ = {
			isa = PBXGroup;
			children = (
				D3199EC22CD79B00007990D3 /* UITableViewExt.swift */,
				D3199EC32CD79B00007990D3 /* UIColorExt.swift */,
				D3199EC42CD79B00007990D3 /* StringExt.swift */,
				D34B46632CD7B89C00CCA914 /* UIImageViewExt.swift */,
				D3199EC52CD79B00007990D3 /* UIViewExt.swift */,
				D34B46722CDA7C3B00CCA914 /* UIApplicationExt.swift */,
				D3199EC62CD79B00007990D3 /* UICollectionViewExt.swift */,
			);
			path = Extension;
			sourceTree = "<group>";
		};
		D3199EC72CD79B00007990D3 /* Managers */ = {
			isa = PBXGroup;
			children = (
				D3199EC82CD79B00007990D3 /* BaseRequest.swift */,
				D3199EC92CD79B00007990D3 /* NetworkManager.swift */,
				D3199ECA2CD79B00007990D3 /* NavbarManager.swift */,
				D34B46792CDAA55200CCA914 /* ModalManager.swift */,
			);
			path = Managers;
			sourceTree = "<group>";
		};
		D3199ECB2CD79B00007990D3 /* Base */ = {
			isa = PBXGroup;
			children = (
				D3199ECC2CD79B00007990D3 /* Network */,
				D3199ED42CD79B00007990D3 /* View */,
				D3199ED82CD79B00007990D3 /* Protocols */,
				D3199EDB2CD79B00007990D3 /* Control */,
			);
			path = Base;
			sourceTree = "<group>";
		};
		D3199ECC2CD79B00007990D3 /* Network */ = {
			isa = PBXGroup;
			children = (
				D34B46672CD825A000CCA914 /* Models */,
				D3199ED02CD79B00007990D3 /* Entities */,
				D3199ECF2CD79B00007990D3 /* NetworkError.swift */,
				D3199ED32CD79B00007990D3 /* Endpoint.swift */,
			);
			path = Network;
			sourceTree = "<group>";
		};
		D3199ECD2CD79B00007990D3 /* DataStore */ = {
			isa = PBXGroup;
			children = (
				D3199ECE2CD79B00007990D3 /* InspirationsData.swift */,
			);
			path = DataStore;
			sourceTree = "<group>";
		};
		D3199ED02CD79B00007990D3 /* Entities */ = {
			isa = PBXGroup;
			children = (
				D3199ED12CD79B00007990D3 /* VoicesEntity.swift */,
				D3199ED22CD79B00007990D3 /* VoiceResultEntity.swift */,
			);
			path = Entities;
			sourceTree = "<group>";
		};
		D3199ED42CD79B00007990D3 /* View */ = {
			isa = PBXGroup;
			children = (
				D3199ED52CD79B00007990D3 /* BaseVC.swift */,
				D3199ED62CD79B00007990D3 /* BaseCollectionViewCell.swift */,
				D3199ED72CD79B00007990D3 /* BaseView.swift */,
			);
			path = View;
			sourceTree = "<group>";
		};
		D3199ED82CD79B00007990D3 /* Protocols */ = {
			isa = PBXGroup;
			children = (
				D3199ED92CD79B00007990D3 /* NetworkListener.swift */,
				D3199EDA2CD79B00007990D3 /* BindableLayout.swift */,
			);
			path = Protocols;
			sourceTree = "<group>";
		};
		D3199EDB2CD79B00007990D3 /* Control */ = {
			isa = PBXGroup;
			children = (
				D3199EDC2CD79B00007990D3 /* BaseNavigationController.swift */,
				D3199EDD2CD79B00007990D3 /* BaseCoordinator.swift */,
			);
			path = Control;
			sourceTree = "<group>";
		};
		D3199EF22CD79BB3007990D3 /* App */ = {
			isa = PBXGroup;
			children = (
				D3199F022CD79C06007990D3 /* AppSettings.swift */,
				D36DE26B2CDACABF00E63E5C /* Main */,
				D3199EF32CD79BBB007990D3 /* Resources */,
				D3199F042CD79C83007990D3 /* Delegates */,
				D3199F052CD79E3D007990D3 /* Common */,
				D3199F0B2CD79E3D007990D3 /* Screens */,
			);
			path = App;
			sourceTree = "<group>";
		};
		D3199EF32CD79BBB007990D3 /* Resources */ = {
			isa = PBXGroup;
			children = (
				D3199ECD2CD79B00007990D3 /* DataStore */,
				D3199EF62CD79BD5007990D3 /* FontCatalog */,
				D34B467B2CDAB0CF00CCA914 /* ImageCatalog */,
				D34B7BFE2CD79A1F009A6763 /* Assets.xcassets */,
				D3199EF52CD79BD5007990D3 /* ColorAssets.xcassets */,
			);
			path = Resources;
			sourceTree = "<group>";
		};
		D3199EF62CD79BD5007990D3 /* FontCatalog */ = {
			isa = PBXGroup;
			children = (
				D3199EF72CD79BD5007990D3 /* Typography.swift */,
				D3199EF82CD79BD5007990D3 /* Fonts */,
			);
			path = FontCatalog;
			sourceTree = "<group>";
		};
		D3199EF82CD79BD5007990D3 /* Fonts */ = {
			isa = PBXGroup;
			children = (
				D3199EF92CD79BD5007990D3 /* SF-Pro-Display-Regular.otf */,
				D3199EFA2CD79BD5007990D3 /* SF-Pro-Display-Bold.otf */,
				D3199EFB2CD79BD5007990D3 /* SF-Pro-Display-Semibold.otf */,
			);
			path = Fonts;
			sourceTree = "<group>";
		};
		D3199F042CD79C83007990D3 /* Delegates */ = {
			isa = PBXGroup;
			children = (
				D34B7BF52CD79A1E009A6763 /* AppDelegate.swift */,
				D34B7BF72CD79A1E009A6763 /* SceneDelegate.swift */,
			);
			path = Delegates;
			sourceTree = "<group>";
		};
		D3199F052CD79E3D007990D3 /* Common */ = {
			isa = PBXGroup;
			children = (
				D34B46762CDAA28F00CCA914 /* AppErrors */,
				D3199F062CD79E3D007990D3 /* Views */,
			);
			path = Common;
			sourceTree = "<group>";
		};
		D3199F062CD79E3D007990D3 /* Views */ = {
			isa = PBXGroup;
			children = (
				D34B46752CDA9F4800CCA914 /* Base */,
				D34B46742CDA9F2F00CCA914 /* Components */,
				D3199F072CD79E3D007990D3 /* Navbar */,
			);
			path = Views;
			sourceTree = "<group>";
		};
		D3199F072CD79E3D007990D3 /* Navbar */ = {
			isa = PBXGroup;
			children = (
				D3199F082CD79E3D007990D3 /* DefaultNavbar.swift */,
				D34B466A2CD931C900CCA914 /* VoiceDetailNavbar.swift */,
			);
			path = Navbar;
			sourceTree = "<group>";
		};
		D3199F0B2CD79E3D007990D3 /* Screens */ = {
			isa = PBXGroup;
			children = (
				D3199F0C2CD79E3D007990D3 /* Home */,
				D3199F1A2CD79E3D007990D3 /* VoiceGenerating */,
				D3199F132CD79E3D007990D3 /* VoiceDetail */,
			);
			path = Screens;
			sourceTree = "<group>";
		};
		D3199F0C2CD79E3D007990D3 /* Home */ = {
			isa = PBXGroup;
			children = (
				D39E286F2CE527B600A2D67F /* Service */,
				D39E286B2CE523E400A2D67F /* Repository */,
				D39E286C2CE523EC00A2D67F /* UseCase */,
				D39E28682CE5230C00A2D67F /* ViewModel */,
				D3199F0D2CD79E3D007990D3 /* Cells */,
				D3199F102CD79E3D007990D3 /* HomeContentView.swift */,
				D3199F112CD79E3D007990D3 /* HomeCoordinator.swift */,
				D3199F122CD79E3D007990D3 /* HomeVC.swift */,
			);
			path = Home;
			sourceTree = "<group>";
		};
		D3199F0D2CD79E3D007990D3 /* Cells */ = {
			isa = PBXGroup;
			children = (
				D3199F0E2CD79E3D007990D3 /* CategoryCell.swift */,
				D3199F0F2CD79E3D007990D3 /* VoiceCell.swift */,
			);
			path = Cells;
			sourceTree = "<group>";
		};
		D3199F132CD79E3D007990D3 /* VoiceDetail */ = {
			isa = PBXGroup;
			children = (
				D3199F142CD79E3D007990D3 /* VoiceDetailContentView.swift */,
				D3199F152CD79E3D007990D3 /* VoiceDetailCoordinator.swift */,
				D3199F162CD79E3D007990D3 /* VoiceDetailVC.swift */,
			);
			path = VoiceDetail;
			sourceTree = "<group>";
		};
		D3199F1A2CD79E3D007990D3 /* VoiceGenerating */ = {
			isa = PBXGroup;
			children = (
				D3199F1B2CD79E3D007990D3 /* VoiceGeneratingCoordinator.swift */,
				D3199F1C2CD79E3D007990D3 /* VoiceGeneratingVC.swift */,
				D3199F1D2CD79E3D007990D3 /* VoiceGeneratingContentView.swift */,
			);
			path = VoiceGenerating;
			sourceTree = "<group>";
		};
		D34B46672CD825A000CCA914 /* Models */ = {
			isa = PBXGroup;
			children = (
				D34B46682CD8262900CCA914 /* UserVoiceSelection.swift */,
			);
			path = Models;
			sourceTree = "<group>";
		};
		D34B46742CDA9F2F00CCA914 /* Components */ = {
			isa = PBXGroup;
			children = (
				D3199F092CD79E3D007990D3 /* PromptInputView.swift */,
				D34B466C2CD9822800CCA914 /* VoicePlayerView.swift */,
			);
			path = Components;
			sourceTree = "<group>";
		};
		D34B46752CDA9F4800CCA914 /* Base */ = {
			isa = PBXGroup;
			children = (
				D34B46702CDA7AEE00CCA914 /* FullScreenIndicator.swift */,
				D3199F0A2CD79E3D007990D3 /* BaseButton.swift */,
			);
			path = Base;
			sourceTree = "<group>";
		};
		D34B46762CDAA28F00CCA914 /* AppErrors */ = {
			isa = PBXGroup;
			children = (
				D34B46772CDAA2C600CCA914 /* VoicePlayerError.swift */,
			);
			path = AppErrors;
			sourceTree = "<group>";
		};
		D34B467B2CDAB0CF00CCA914 /* ImageCatalog */ = {
			isa = PBXGroup;
			children = (
				D34B467C2CDAB1B400CCA914 /* Catalog.swift */,
			);
			path = ImageCatalog;
			sourceTree = "<group>";
		};
		D34B7BE92CD79A1E009A6763 = {
			isa = PBXGroup;
			children = (
				D34B7BF42CD79A1E009A6763 /* AISoundGenerator */,
				D34B7BF32CD79A1E009A6763 /* Products */,
			);
			sourceTree = "<group>";
		};
		D34B7BF32CD79A1E009A6763 /* Products */ = {
			isa = PBXGroup;
			children = (
				D34B7BF22CD79A1E009A6763 /* AISoundGenerator.app */,
			);
			name = Products;
			sourceTree = "<group>";
		};
		D34B7BF42CD79A1E009A6763 /* AISoundGenerator */ = {
			isa = PBXGroup;
			children = (
				D3199EF22CD79BB3007990D3 /* App */,
				D3199EC02CD79B00007990D3 /* Core */,
				D34B7C032CD79A1F009A6763 /* Info.plist */,
			);
			path = AISoundGenerator;
			sourceTree = "<group>";
		};
		D36DE26B2CDACABF00E63E5C /* Main */ = {
			isa = PBXGroup;
			children = (
				D34B7C002CD79A1F009A6763 /* LaunchScreen.storyboard */,
				D34B7BFB2CD79A1E009A6763 /* Main.storyboard */,
			);
			path = Main;
			sourceTree = "<group>";
		};
		D39E28682CE5230C00A2D67F /* ViewModel */ = {
			isa = PBXGroup;
			children = (
				D39E28692CE5232400A2D67F /* HomeViewModel.swift */,
			);
			path = ViewModel;
			sourceTree = "<group>";
		};
		D39E286B2CE523E400A2D67F /* Repository */ = {
			isa = PBXGroup;
			children = (
				D39E286D2CE5252400A2D67F /* HomeRepository.swift */,
			);
			path = Repository;
			sourceTree = "<group>";
		};
		D39E286C2CE523EC00A2D67F /* UseCase */ = {
			isa = PBXGroup;
			children = (
				D39E28722CE52D8B00A2D67F /* HomeUseCase.swift */,
			);
			path = UseCase;
			sourceTree = "<group>";
		};
		D39E286F2CE527B600A2D67F /* Service */ = {
			isa = PBXGroup;
			children = (
				D39E28702CE527D000A2D67F /* VoicesService.swift */,
			);
			path = Service;
			sourceTree = "<group>";
		};
/* End PBXGroup section */

/* Begin PBXNativeTarget section */
		D34B7BF12CD79A1E009A6763 /* AISoundGenerator */ = {
			isa = PBXNativeTarget;
			buildConfigurationList = D34B7C062CD79A1F009A6763 /* Build configuration list for PBXNativeTarget "AISoundGenerator" */;
			buildPhases = (
				D34B7BEE2CD79A1E009A6763 /* Sources */,
				D34B7BEF2CD79A1E009A6763 /* Frameworks */,
				D34B7BF02CD79A1E009A6763 /* Resources */,
				D3B87CA52CDB78E100D69F9C /* Embed Frameworks */,
			);
			buildRules = (
			);
			dependencies = (
			);
			name = AISoundGenerator;
			packageProductDependencies = (
				D3199EB42CD79ABC007990D3 /* SnapKit */,
				D3199EB92CD79AC8007990D3 /* Kingfisher */,
				D3199EBC2CD79AD8007990D3 /* Alamofire */,
			);
			productName = AISoundGenerator;
			productReference = D34B7BF22CD79A1E009A6763 /* AISoundGenerator.app */;
			productType = "com.apple.product-type.application";
		};
/* End PBXNativeTarget section */

/* Begin PBXProject section */
		D34B7BEA2CD79A1E009A6763 /* Project object */ = {
			isa = PBXProject;
			attributes = {
				BuildIndependentTargetsInParallel = 1;
				LastSwiftUpdateCheck = 1520;
				LastUpgradeCheck = 1520;
				TargetAttributes = {
					D34B7BF12CD79A1E009A6763 = {
						CreatedOnToolsVersion = 15.2;
					};
				};
			};
			buildConfigurationList = D34B7BED2CD79A1E009A6763 /* Build configuration list for PBXProject "AISoundGenerator" */;
			compatibilityVersion = "Xcode 14.0";
			developmentRegion = en;
			hasScannedForEncodings = 0;
			knownRegions = (
				en,
				Base,
			);
			mainGroup = D34B7BE92CD79A1E009A6763;
			packageReferences = (
				D3199EB32CD79ABC007990D3 /* XCRemoteSwiftPackageReference "SnapKit" */,
				D3199EB82CD79AC8007990D3 /* XCRemoteSwiftPackageReference "Kingfisher" */,
				D3199EBB2CD79AD8007990D3 /* XCRemoteSwiftPackageReference "Alamofire" */,
			);
			productRefGroup = D34B7BF32CD79A1E009A6763 /* Products */;
			projectDirPath = "";
			projectRoot = "";
			targets = (
				D34B7BF12CD79A1E009A6763 /* AISoundGenerator */,
			);
		};
/* End PBXProject section */

/* Begin PBXResourcesBuildPhase section */
		D34B7BF02CD79A1E009A6763 /* Resources */ = {
			isa = PBXResourcesBuildPhase;
			buildActionMask = 2147483647;
			files = (
				D3199F012CD79BD5007990D3 /* SF-Pro-Display-Semibold.otf in Resources */,
				D3199EFD2CD79BD5007990D3 /* ColorAssets.xcassets in Resources */,
				D34B7C022CD79A1F009A6763 /* LaunchScreen.storyboard in Resources */,
				D34B7BFF2CD79A1F009A6763 /* Assets.xcassets in Resources */,
				D3199F002CD79BD5007990D3 /* SF-Pro-Display-Bold.otf in Resources */,
				D3199EFF2CD79BD5007990D3 /* SF-Pro-Display-Regular.otf in Resources */,
				D34B7BFD2CD79A1E009A6763 /* Main.storyboard in Resources */,
			);
			runOnlyForDeploymentPostprocessing = 0;
		};
/* End PBXResourcesBuildPhase section */

/* Begin PBXSourcesBuildPhase section */
		D34B7BEE2CD79A1E009A6763 /* Sources */ = {
			isa = PBXSourcesBuildPhase;
			buildActionMask = 2147483647;
			files = (
				D3199F262CD79E3D007990D3 /* VoiceDetailContentView.swift in Sources */,
				D3199EE12CD79B00007990D3 /* UIViewExt.swift in Sources */,
				D3199EEB2CD79B00007990D3 /* BaseVC.swift in Sources */,
				D3199EE42CD79B00007990D3 /* NetworkManager.swift in Sources */,
				D3199F1E2CD79E3D007990D3 /* DefaultNavbar.swift in Sources */,
				D3199EE82CD79B00007990D3 /* VoicesEntity.swift in Sources */,
				D3199EE22CD79B00007990D3 /* UICollectionViewExt.swift in Sources */,
				D3199F1F2CD79E3D007990D3 /* PromptInputView.swift in Sources */,
				D39E286E2CE5252400A2D67F /* HomeRepository.swift in Sources */,
				D34B46782CDAA2C600CCA914 /* VoicePlayerError.swift in Sources */,
				D3199EDE2CD79B00007990D3 /* UITableViewExt.swift in Sources */,
				D3199F252CD79E3D007990D3 /* HomeVC.swift in Sources */,
				D34B7BF62CD79A1E009A6763 /* AppDelegate.swift in Sources */,
				D3199F202CD79E3D007990D3 /* BaseButton.swift in Sources */,
				D3199EEE2CD79B00007990D3 /* NetworkListener.swift in Sources */,
				D3199EEF2CD79B00007990D3 /* BindableLayout.swift in Sources */,
				D3199EFE2CD79BD5007990D3 /* Typography.swift in Sources */,
				D3199F282CD79E3D007990D3 /* VoiceDetailVC.swift in Sources */,
				D34B46732CDA7C3B00CCA914 /* UIApplicationExt.swift in Sources */,
				D3199EE62CD79B00007990D3 /* InspirationsData.swift in Sources */,
				D39E286A2CE5232400A2D67F /* HomeViewModel.swift in Sources */,
				D3199EDF2CD79B00007990D3 /* UIColorExt.swift in Sources */,
				D34B466D2CD9822800CCA914 /* VoicePlayerView.swift in Sources */,
				D3199F2D2CD79E3D007990D3 /* VoiceGeneratingVC.swift in Sources */,
				D3199F2E2CD79E3D007990D3 /* VoiceGeneratingContentView.swift in Sources */,
				D3199F232CD79E3D007990D3 /* HomeContentView.swift in Sources */,
				D3199F212CD79E3D007990D3 /* CategoryCell.swift in Sources */,
				D34B467D2CDAB1B400CCA914 /* Catalog.swift in Sources */,
				D3199EE92CD79B00007990D3 /* VoiceResultEntity.swift in Sources */,
				D3199F222CD79E3D007990D3 /* VoiceCell.swift in Sources */,
				D39E28712CE527D000A2D67F /* VoicesService.swift in Sources */,
				D3199EEC2CD79B00007990D3 /* BaseCollectionViewCell.swift in Sources */,
				D3199F2C2CD79E3D007990D3 /* VoiceGeneratingCoordinator.swift in Sources */,
				D39E28732CE52D8B00A2D67F /* HomeUseCase.swift in Sources */,
				D3199EEA2CD79B00007990D3 /* Endpoint.swift in Sources */,
				D3199EE02CD79B00007990D3 /* StringExt.swift in Sources */,
				D3199EF12CD79B00007990D3 /* BaseCoordinator.swift in Sources */,
				D34B7BF82CD79A1E009A6763 /* SceneDelegate.swift in Sources */,
				D34B46692CD8262900CCA914 /* UserVoiceSelection.swift in Sources */,
				D3199F272CD79E3D007990D3 /* VoiceDetailCoordinator.swift in Sources */,
				D34B467A2CDAA55200CCA914 /* ModalManager.swift in Sources */,
				D34B46712CDA7AEE00CCA914 /* FullScreenIndicator.swift in Sources */,
				D3199EE72CD79B00007990D3 /* NetworkError.swift in Sources */,
				D34B466B2CD931C900CCA914 /* VoiceDetailNavbar.swift in Sources */,
				D3199EF02CD79B00007990D3 /* BaseNavigationController.swift in Sources */,
				D3199EED2CD79B00007990D3 /* BaseView.swift in Sources */,
				D34B46642CD7B89C00CCA914 /* UIImageViewExt.swift in Sources */,
				D3199EE32CD79B00007990D3 /* BaseRequest.swift in Sources */,
				D3199F242CD79E3D007990D3 /* HomeCoordinator.swift in Sources */,
				D3199F032CD79C06007990D3 /* AppSettings.swift in Sources */,
				D3199EE52CD79B00007990D3 /* NavbarManager.swift in Sources */,
			);
			runOnlyForDeploymentPostprocessing = 0;
		};
/* End PBXSourcesBuildPhase section */

/* Begin PBXVariantGroup section */
		D34B7BFB2CD79A1E009A6763 /* Main.storyboard */ = {
			isa = PBXVariantGroup;
			children = (
				D34B7BFC2CD79A1E009A6763 /* Base */,
			);
			name = Main.storyboard;
			sourceTree = "<group>";
		};
		D34B7C002CD79A1F009A6763 /* LaunchScreen.storyboard */ = {
			isa = PBXVariantGroup;
			children = (
				D34B7C012CD79A1F009A6763 /* Base */,
			);
			name = LaunchScreen.storyboard;
			sourceTree = "<group>";
		};
/* End PBXVariantGroup section */

/* Begin XCBuildConfiguration section */
		D34B7C042CD79A1F009A6763 /* Debug */ = {
			isa = XCBuildConfiguration;
			buildSettings = {
				ALWAYS_SEARCH_USER_PATHS = NO;
				ASSETCATALOG_COMPILER_GENERATE_SWIFT_ASSET_SYMBOL_EXTENSIONS = YES;
				CLANG_ANALYZER_NONNULL = YES;
				CLANG_ANALYZER_NUMBER_OBJECT_CONVERSION = YES_AGGRESSIVE;
				CLANG_CXX_LANGUAGE_STANDARD = "gnu++20";
				CLANG_ENABLE_MODULES = YES;
				CLANG_ENABLE_OBJC_ARC = YES;
				CLANG_ENABLE_OBJC_WEAK = YES;
				CLANG_WARN_BLOCK_CAPTURE_AUTORELEASING = YES;
				CLANG_WARN_BOOL_CONVERSION = YES;
				CLANG_WARN_COMMA = YES;
				CLANG_WARN_CONSTANT_CONVERSION = YES;
				CLANG_WARN_DEPRECATED_OBJC_IMPLEMENTATIONS = YES;
				CLANG_WARN_DIRECT_OBJC_ISA_USAGE = YES_ERROR;
				CLANG_WARN_DOCUMENTATION_COMMENTS = YES;
				CLANG_WARN_EMPTY_BODY = YES;
				CLANG_WARN_ENUM_CONVERSION = YES;
				CLANG_WARN_INFINITE_RECURSION = YES;
				CLANG_WARN_INT_CONVERSION = YES;
				CLANG_WARN_NON_LITERAL_NULL_CONVERSION = YES;
				CLANG_WARN_OBJC_IMPLICIT_RETAIN_SELF = YES;
				CLANG_WARN_OBJC_LITERAL_CONVERSION = YES;
				CLANG_WARN_OBJC_ROOT_CLASS = YES_ERROR;
				CLANG_WARN_QUOTED_INCLUDE_IN_FRAMEWORK_HEADER = YES;
				CLANG_WARN_RANGE_LOOP_ANALYSIS = YES;
				CLANG_WARN_STRICT_PROTOTYPES = YES;
				CLANG_WARN_SUSPICIOUS_MOVE = YES;
				CLANG_WARN_UNGUARDED_AVAILABILITY = YES_AGGRESSIVE;
				CLANG_WARN_UNREACHABLE_CODE = YES;
				CLANG_WARN__DUPLICATE_METHOD_MATCH = YES;
				COPY_PHASE_STRIP = NO;
				DEBUG_INFORMATION_FORMAT = dwarf;
				ENABLE_STRICT_OBJC_MSGSEND = YES;
				ENABLE_TESTABILITY = YES;
				ENABLE_USER_SCRIPT_SANDBOXING = YES;
				GCC_C_LANGUAGE_STANDARD = gnu17;
				GCC_DYNAMIC_NO_PIC = NO;
				GCC_NO_COMMON_BLOCKS = YES;
				GCC_OPTIMIZATION_LEVEL = 0;
				GCC_PREPROCESSOR_DEFINITIONS = (
					"DEBUG=1",
					"$(inherited)",
				);
				GCC_WARN_64_TO_32_BIT_CONVERSION = YES;
				GCC_WARN_ABOUT_RETURN_TYPE = YES_ERROR;
				GCC_WARN_UNDECLARED_SELECTOR = YES;
				GCC_WARN_UNINITIALIZED_AUTOS = YES_AGGRESSIVE;
				GCC_WARN_UNUSED_FUNCTION = YES;
				GCC_WARN_UNUSED_VARIABLE = YES;
				IPHONEOS_DEPLOYMENT_TARGET = 17.2;
				LOCALIZATION_PREFERS_STRING_CATALOGS = YES;
				MTL_ENABLE_DEBUG_INFO = INCLUDE_SOURCE;
				MTL_FAST_MATH = YES;
				ONLY_ACTIVE_ARCH = YES;
				SDKROOT = iphoneos;
				SWIFT_ACTIVE_COMPILATION_CONDITIONS = "DEBUG $(inherited)";
				SWIFT_OPTIMIZATION_LEVEL = "-Onone";
			};
			name = Debug;
		};
		D34B7C052CD79A1F009A6763 /* Release */ = {
			isa = XCBuildConfiguration;
			buildSettings = {
				ALWAYS_SEARCH_USER_PATHS = NO;
				ASSETCATALOG_COMPILER_GENERATE_SWIFT_ASSET_SYMBOL_EXTENSIONS = YES;
				CLANG_ANALYZER_NONNULL = YES;
				CLANG_ANALYZER_NUMBER_OBJECT_CONVERSION = YES_AGGRESSIVE;
				CLANG_CXX_LANGUAGE_STANDARD = "gnu++20";
				CLANG_ENABLE_MODULES = YES;
				CLANG_ENABLE_OBJC_ARC = YES;
				CLANG_ENABLE_OBJC_WEAK = YES;
				CLANG_WARN_BLOCK_CAPTURE_AUTORELEASING = YES;
				CLANG_WARN_BOOL_CONVERSION = YES;
				CLANG_WARN_COMMA = YES;
				CLANG_WARN_CONSTANT_CONVERSION = YES;
				CLANG_WARN_DEPRECATED_OBJC_IMPLEMENTATIONS = YES;
				CLANG_WARN_DIRECT_OBJC_ISA_USAGE = YES_ERROR;
				CLANG_WARN_DOCUMENTATION_COMMENTS = YES;
				CLANG_WARN_EMPTY_BODY = YES;
				CLANG_WARN_ENUM_CONVERSION = YES;
				CLANG_WARN_INFINITE_RECURSION = YES;
				CLANG_WARN_INT_CONVERSION = YES;
				CLANG_WARN_NON_LITERAL_NULL_CONVERSION = YES;
				CLANG_WARN_OBJC_IMPLICIT_RETAIN_SELF = YES;
				CLANG_WARN_OBJC_LITERAL_CONVERSION = YES;
				CLANG_WARN_OBJC_ROOT_CLASS = YES_ERROR;
				CLANG_WARN_QUOTED_INCLUDE_IN_FRAMEWORK_HEADER = YES;
				CLANG_WARN_RANGE_LOOP_ANALYSIS = YES;
				CLANG_WARN_STRICT_PROTOTYPES = YES;
				CLANG_WARN_SUSPICIOUS_MOVE = YES;
				CLANG_WARN_UNGUARDED_AVAILABILITY = YES_AGGRESSIVE;
				CLANG_WARN_UNREACHABLE_CODE = YES;
				CLANG_WARN__DUPLICATE_METHOD_MATCH = YES;
				COPY_PHASE_STRIP = NO;
				DEBUG_INFORMATION_FORMAT = "dwarf-with-dsym";
				ENABLE_NS_ASSERTIONS = NO;
				ENABLE_STRICT_OBJC_MSGSEND = YES;
				ENABLE_USER_SCRIPT_SANDBOXING = YES;
				GCC_C_LANGUAGE_STANDARD = gnu17;
				GCC_NO_COMMON_BLOCKS = YES;
				GCC_WARN_64_TO_32_BIT_CONVERSION = YES;
				GCC_WARN_ABOUT_RETURN_TYPE = YES_ERROR;
				GCC_WARN_UNDECLARED_SELECTOR = YES;
				GCC_WARN_UNINITIALIZED_AUTOS = YES_AGGRESSIVE;
				GCC_WARN_UNUSED_FUNCTION = YES;
				GCC_WARN_UNUSED_VARIABLE = YES;
				IPHONEOS_DEPLOYMENT_TARGET = 17.2;
				LOCALIZATION_PREFERS_STRING_CATALOGS = YES;
				MTL_ENABLE_DEBUG_INFO = NO;
				MTL_FAST_MATH = YES;
				SDKROOT = iphoneos;
				SWIFT_COMPILATION_MODE = wholemodule;
				VALIDATE_PRODUCT = YES;
			};
			name = Release;
		};
		D34B7C072CD79A1F009A6763 /* Debug */ = {
			isa = XCBuildConfiguration;
			buildSettings = {
				ASSETCATALOG_COMPILER_APPICON_NAME = AppIcon;
				ASSETCATALOG_COMPILER_GLOBAL_ACCENT_COLOR_NAME = AccentColor;
				ASSETCATALOG_COMPILER_INCLUDE_ALL_APPICON_ASSETS = YES;
				CODE_SIGN_STYLE = Automatic;
				CURRENT_PROJECT_VERSION = 1;
				DEVELOPMENT_TEAM = FMZX422M2X;
				GENERATE_INFOPLIST_FILE = YES;
				INFOPLIST_FILE = AISoundGenerator/Info.plist;
				INFOPLIST_KEY_CFBundleDisplayName = "Voice Generator";
				INFOPLIST_KEY_LSApplicationCategoryType = "public.app-category.productivity";
				INFOPLIST_KEY_UIApplicationSupportsIndirectInputEvents = YES;
				INFOPLIST_KEY_UILaunchStoryboardName = LaunchScreen;
				INFOPLIST_KEY_UIMainStoryboardFile = Main;
				INFOPLIST_KEY_UISupportedInterfaceOrientations = UIInterfaceOrientationPortrait;
				LD_RUNPATH_SEARCH_PATHS = (
					"$(inherited)",
					"@executable_path/Frameworks",
				);
				MARKETING_VERSION = 1.0;
				PRODUCT_BUNDLE_IDENTIFIER = ozdemirapps.AISoundGenerator;
				PRODUCT_NAME = "$(TARGET_NAME)";
				SWIFT_EMIT_LOC_STRINGS = YES;
				SWIFT_VERSION = 5.0;
				TARGETED_DEVICE_FAMILY = "1,2";
			};
			name = Debug;
		};
		D34B7C082CD79A1F009A6763 /* Release */ = {
			isa = XCBuildConfiguration;
			buildSettings = {
				ASSETCATALOG_COMPILER_APPICON_NAME = AppIcon;
				ASSETCATALOG_COMPILER_GLOBAL_ACCENT_COLOR_NAME = AccentColor;
				ASSETCATALOG_COMPILER_INCLUDE_ALL_APPICON_ASSETS = YES;
				CODE_SIGN_STYLE = Automatic;
				CURRENT_PROJECT_VERSION = 1;
				DEVELOPMENT_TEAM = FMZX422M2X;
				GENERATE_INFOPLIST_FILE = YES;
				INFOPLIST_FILE = AISoundGenerator/Info.plist;
				INFOPLIST_KEY_CFBundleDisplayName = "Voice Generator";
				INFOPLIST_KEY_LSApplicationCategoryType = "public.app-category.productivity";
				INFOPLIST_KEY_UIApplicationSupportsIndirectInputEvents = YES;
				INFOPLIST_KEY_UILaunchStoryboardName = LaunchScreen;
				INFOPLIST_KEY_UIMainStoryboardFile = Main;
				INFOPLIST_KEY_UISupportedInterfaceOrientations = UIInterfaceOrientationPortrait;
				LD_RUNPATH_SEARCH_PATHS = (
					"$(inherited)",
					"@executable_path/Frameworks",
				);
				MARKETING_VERSION = 1.0;
				PRODUCT_BUNDLE_IDENTIFIER = ozdemirapps.AISoundGenerator;
				PRODUCT_NAME = "$(TARGET_NAME)";
				SWIFT_EMIT_LOC_STRINGS = YES;
				SWIFT_VERSION = 5.0;
				TARGETED_DEVICE_FAMILY = "1,2";
			};
			name = Release;
		};
/* End XCBuildConfiguration section */

/* Begin XCConfigurationList section */
		D34B7BED2CD79A1E009A6763 /* Build configuration list for PBXProject "AISoundGenerator" */ = {
			isa = XCConfigurationList;
			buildConfigurations = (
				D34B7C042CD79A1F009A6763 /* Debug */,
				D34B7C052CD79A1F009A6763 /* Release */,
			);
			defaultConfigurationIsVisible = 0;
			defaultConfigurationName = Release;
		};
		D34B7C062CD79A1F009A6763 /* Build configuration list for PBXNativeTarget "AISoundGenerator" */ = {
			isa = XCConfigurationList;
			buildConfigurations = (
				D34B7C072CD79A1F009A6763 /* Debug */,
				D34B7C082CD79A1F009A6763 /* Release */,
			);
			defaultConfigurationIsVisible = 0;
			defaultConfigurationName = Release;
		};
/* End XCConfigurationList section */

/* Begin XCRemoteSwiftPackageReference section */
		D3199EB32CD79ABC007990D3 /* XCRemoteSwiftPackageReference "SnapKit" */ = {
			isa = XCRemoteSwiftPackageReference;
			repositoryURL = "https://github.com/SnapKit/SnapKit";
			requirement = {
				kind = upToNextMajorVersion;
				minimumVersion = 5.7.1;
			};
		};
		D3199EB82CD79AC8007990D3 /* XCRemoteSwiftPackageReference "Kingfisher" */ = {
			isa = XCRemoteSwiftPackageReference;
			repositoryURL = "https://github.com/onevcat/Kingfisher";
			requirement = {
				kind = upToNextMajorVersion;
				minimumVersion = 8.1.0;
			};
		};
		D3199EBB2CD79AD8007990D3 /* XCRemoteSwiftPackageReference "Alamofire" */ = {
			isa = XCRemoteSwiftPackageReference;
			repositoryURL = "https://github.com/Alamofire/Alamofire";
			requirement = {
				kind = upToNextMajorVersion;
				minimumVersion = 5.10.1;
			};
		};
/* End XCRemoteSwiftPackageReference section */

/* Begin XCSwiftPackageProductDependency section */
		D3199EB42CD79ABC007990D3 /* SnapKit */ = {
			isa = XCSwiftPackageProductDependency;
			package = D3199EB32CD79ABC007990D3 /* XCRemoteSwiftPackageReference "SnapKit" */;
			productName = SnapKit;
		};
		D3199EB92CD79AC8007990D3 /* Kingfisher */ = {
			isa = XCSwiftPackageProductDependency;
			package = D3199EB82CD79AC8007990D3 /* XCRemoteSwiftPackageReference "Kingfisher" */;
			productName = Kingfisher;
		};
		D3199EBC2CD79AD8007990D3 /* Alamofire */ = {
			isa = XCSwiftPackageProductDependency;
			package = D3199EBB2CD79AD8007990D3 /* XCRemoteSwiftPackageReference "Alamofire" */;
			productName = Alamofire;
		};
/* End XCSwiftPackageProductDependency section */
	};
	rootObject = D34B7BEA2CD79A1E009A6763 /* Project object */;
}
